
Microsoft Visual Studio Solution File, Format Version 12.00
# Visual Studio Version 17
VisualStudioVersion = 17.0.31903.59
MinimumVisualStudioVersion = 10.0.40219.1
Project("{2150E333-8FDC-42A3-9474-1A3956D46DE8}") = "src", "src", "{A422370D-A0E8-428D-B6B5-36822EB5D7F8}"
EndProject
Project("{FAE04EC0-301F-11D3-BF4B-00C04F79EFBC}") = "ChickenWholesale.Api", "src\ChickenWholesale.Api\ChickenWholesale.Api.csproj", "{DD06D31E-8F95-48C5-ADAF-BE06BE5F244C}"
EndProject
Project("{2150E333-8FDC-42A3-9474-1A3956D46DE8}") = "tests", "tests", "{CE7EACF4-6179-430E-946E-46F4EC7128CE}"
EndProject
Project("{FAE04EC0-301F-11D3-BF4B-00C04F79EFBC}") = "ChickenWholesale.Tests", "tests\ChickenWholesale.Tests\ChickenWholesale.Tests.csproj", "{7521F113-896E-47FE-BC29-6F4825449B09}"
EndProject
Global
	GlobalSection(SolutionConfigurationPlatforms) = preSolution
		Debug|Any CPU = Debug|Any CPU
		Release|Any CPU = Release|Any CPU
	EndGlobalSection
	GlobalSection(SolutionProperties) = preSolution
		HideSolutionNode = FALSE
	EndGlobalSection
	GlobalSection(ProjectConfigurationPlatforms) = postSolution
		{DD06D31E-8F95-48C5-ADAF-BE06BE5F244C}.Debug|Any CPU.ActiveCfg = Debug|Any CPU
		{DD06D31E-8F95-48C5-ADAF-BE06BE5F244C}.Debug|Any CPU.Build.0 = Debug|Any CPU
		{DD06D31E-8F95-48C5-ADAF-BE06BE5F244C}.Release|Any CPU.ActiveCfg = Release|Any CPU
		{DD06D31E-8F95-48C5-ADAF-BE06BE5F244C}.Release|Any CPU.Build.0 = Release|Any CPU
		{7521F113-896E-47FE-BC29-6F4825449B09}.Debug|Any CPU.ActiveCfg = Debug|Any CPU
		{7521F113-896E-47FE-BC29-6F4825449B09}.Debug|Any CPU.Build.0 = Debug|Any CPU
		{7521F113-896E-47FE-BC29-6F4825449B09}.Release|Any CPU.ActiveCfg = Release|Any CPU
		{7521F113-896E-47FE-BC29-6F4825449B09}.Release|Any CPU.Build.0 = Release|Any CPU
	EndGlobalSection
	GlobalSection(NestedProjects) = preSolution
		{DD06D31E-8F95-48C5-ADAF-BE06BE5F244C} = {A422370D-A0E8-428D-B6B5-36822EB5D7F8}
		{7521F113-896E-47FE-BC29-6F4825449B09} = {CE7EACF4-6179-430E-946E-46F4EC7128CE}
	EndGlobalSection
EndGlobal
